// !$*UTF8*$!
{
	archiveVersion = 1;
	classes = {
	};
	objectVersion = 46;
	objects = {

/* Begin PBXBuildFile section */
		A777D4C61D22CB13004F5C3C /* ProductsViewController.swift in Sources */ = {isa = PBXBuildFile; fileRef = A777D4C51D22CB13004F5C3C /* ProductsViewController.swift */; };
		A7A76DF51D072DB6008048E6 /* MoodTableViewController.swift in Sources */ = {isa = PBXBuildFile; fileRef = A7A76DF41D072DB6008048E6 /* MoodTableViewController.swift */; };
		A7B6FC421D1EAA18003E48BC /* MoodTableViewCell.swift in Sources */ = {isa = PBXBuildFile; fileRef = A7B6FC411D1EAA18003E48BC /* MoodTableViewCell.swift */; };
		A7B6FC441D1EB749003E48BC /* DataPersistence.swift in Sources */ = {isa = PBXBuildFile; fileRef = A7B6FC431D1EB749003E48BC /* DataPersistence.swift */; };
		A7B6FC461D1EBFFE003E48BC /* StyleCollectionViewController.swift in Sources */ = {isa = PBXBuildFile; fileRef = A7B6FC451D1EBFFE003E48BC /* StyleCollectionViewController.swift */; };
		A7B6FC481D1EC11B003E48BC /* ParseUtil.swift in Sources */ = {isa = PBXBuildFile; fileRef = A7B6FC471D1EC11B003E48BC /* ParseUtil.swift */; };
		EC33B6931D1565F900874706 /* UserPreference.swift in Sources */ = {isa = PBXBuildFile; fileRef = EC33B6921D1565F900874706 /* UserPreference.swift */; };
		EC4623271D0724170095F6E5 /* AppDelegate.swift in Sources */ = {isa = PBXBuildFile; fileRef = EC4623261D0724170095F6E5 /* AppDelegate.swift */; };
		EC4623291D0724170095F6E5 /* ViewController.swift in Sources */ = {isa = PBXBuildFile; fileRef = EC4623281D0724170095F6E5 /* ViewController.swift */; };
		EC46232C1D0724170095F6E5 /* Main.storyboard in Resources */ = {isa = PBXBuildFile; fileRef = EC46232A1D0724170095F6E5 /* Main.storyboard */; };
		EC46232E1D0724170095F6E5 /* Assets.xcassets in Resources */ = {isa = PBXBuildFile; fileRef = EC46232D1D0724170095F6E5 /* Assets.xcassets */; };
		EC4623311D0724170095F6E5 /* LaunchScreen.storyboard in Resources */ = {isa = PBXBuildFile; fileRef = EC46232F1D0724170095F6E5 /* LaunchScreen.storyboard */; };
		EC4623391D072D970095F6E5 /* MeTableViewController.swift in Sources */ = {isa = PBXBuildFile; fileRef = EC4623381D072D970095F6E5 /* MeTableViewController.swift */; };
		EC6E5C4E1D36568B00B82C8F /* StyleCollectionViewCell.swift in Sources */ = {isa = PBXBuildFile; fileRef = EC6E5C4D1D36568B00B82C8F /* StyleCollectionViewCell.swift */; };
		EC8087BE1D080A7700E6B2DB /* MeTableViewCell.swift in Sources */ = {isa = PBXBuildFile; fileRef = EC8087BD1D080A7700E6B2DB /* MeTableViewCell.swift */; };
		EC8D47841D0738A900696965 /* GoogleShoppingTableViewController.swift in Sources */ = {isa = PBXBuildFile; fileRef = EC8D47831D0738A900696965 /* GoogleShoppingTableViewController.swift */; };
		ECED38E41D36A8F20076B75A /* Product.swift in Sources */ = {isa = PBXBuildFile; fileRef = ECED38E31D36A8F20076B75A /* Product.swift */; };
/* End PBXBuildFile section */

/* Begin PBXFileReference section */
		A777D4C51D22CB13004F5C3C /* ProductsViewController.swift */ = {isa = PBXFileReference; fileEncoding = 4; lastKnownFileType = sourcecode.swift; path = ProductsViewController.swift; sourceTree = "<group>"; };
		A7A76DF41D072DB6008048E6 /* MoodTableViewController.swift */ = {isa = PBXFileReference; fileEncoding = 4; lastKnownFileType = sourcecode.swift; path = MoodTableViewController.swift; sourceTree = "<group>"; };
		A7B6FC411D1EAA18003E48BC /* MoodTableViewCell.swift */ = {isa = PBXFileReference; fileEncoding = 4; lastKnownFileType = sourcecode.swift; path = MoodTableViewCell.swift; sourceTree = "<group>"; };
		A7B6FC431D1EB749003E48BC /* DataPersistence.swift */ = {isa = PBXFileReference; fileEncoding = 4; lastKnownFileType = sourcecode.swift; path = DataPersistence.swift; sourceTree = "<group>"; };
		A7B6FC451D1EBFFE003E48BC /* StyleCollectionViewController.swift */ = {isa = PBXFileReference; fileEncoding = 4; lastKnownFileType = sourcecode.swift; path = StyleCollectionViewController.swift; sourceTree = "<group>"; };
		A7B6FC471D1EC11B003E48BC /* ParseUtil.swift */ = {isa = PBXFileReference; fileEncoding = 4; lastKnownFileType = sourcecode.swift; path = ParseUtil.swift; sourceTree = "<group>"; };
		EC33B6921D1565F900874706 /* UserPreference.swift */ = {isa = PBXFileReference; fileEncoding = 4; lastKnownFileType = sourcecode.swift; path = UserPreference.swift; sourceTree = "<group>"; };
		EC4623231D0724170095F6E5 /* StyleShaker.app */ = {isa = PBXFileReference; explicitFileType = wrapper.application; includeInIndex = 0; path = StyleShaker.app; sourceTree = BUILT_PRODUCTS_DIR; };
		EC4623261D0724170095F6E5 /* AppDelegate.swift */ = {isa = PBXFileReference; lastKnownFileType = sourcecode.swift; path = AppDelegate.swift; sourceTree = "<group>"; };
		EC4623281D0724170095F6E5 /* ViewController.swift */ = {isa = PBXFileReference; lastKnownFileType = sourcecode.swift; path = ViewController.swift; sourceTree = "<group>"; };
		EC46232B1D0724170095F6E5 /* Base */ = {isa = PBXFileReference; lastKnownFileType = file.storyboard; name = Base; path = Base.lproj/Main.storyboard; sourceTree = "<group>"; };
		EC46232D1D0724170095F6E5 /* Assets.xcassets */ = {isa = PBXFileReference; lastKnownFileType = folder.assetcatalog; path = Assets.xcassets; sourceTree = "<group>"; };
		EC4623301D0724170095F6E5 /* Base */ = {isa = PBXFileReference; lastKnownFileType = file.storyboard; name = Base; path = Base.lproj/LaunchScreen.storyboard; sourceTree = "<group>"; };
		EC4623321D0724170095F6E5 /* Info.plist */ = {isa = PBXFileReference; lastKnownFileType = text.plist.xml; path = Info.plist; sourceTree = "<group>"; };
		EC4623381D072D970095F6E5 /* MeTableViewController.swift */ = {isa = PBXFileReference; fileEncoding = 4; lastKnownFileType = sourcecode.swift; path = MeTableViewController.swift; sourceTree = "<group>"; };
		EC6E5C4D1D36568B00B82C8F /* StyleCollectionViewCell.swift */ = {isa = PBXFileReference; fileEncoding = 4; lastKnownFileType = sourcecode.swift; path = StyleCollectionViewCell.swift; sourceTree = "<group>"; };
		EC8087BD1D080A7700E6B2DB /* MeTableViewCell.swift */ = {isa = PBXFileReference; fileEncoding = 4; lastKnownFileType = sourcecode.swift; path = MeTableViewCell.swift; sourceTree = "<group>"; };
		EC8D47831D0738A900696965 /* GoogleShoppingTableViewController.swift */ = {isa = PBXFileReference; fileEncoding = 4; lastKnownFileType = sourcecode.swift; path = GoogleShoppingTableViewController.swift; sourceTree = "<group>"; };
		ECED38E31D36A8F20076B75A /* Product.swift */ = {isa = PBXFileReference; fileEncoding = 4; lastKnownFileType = sourcecode.swift; path = Product.swift; sourceTree = "<group>"; };
/* End PBXFileReference section */

/* Begin PBXFrameworksBuildPhase section */
		EC4623201D0724170095F6E5 /* Frameworks */ = {
			isa = PBXFrameworksBuildPhase;
			buildActionMask = 2147483647;
			files = (
			);
			runOnlyForDeploymentPostprocessing = 0;
		};
/* End PBXFrameworksBuildPhase section */

/* Begin PBXGroup section */
		A777D4BE1D22C9DE004F5C3C /* Model */ = {
			isa = PBXGroup;
			children = (
			);
			name = Model;
			sourceTree = "<group>";
		};
		EC46231A1D0724170095F6E5 = {
			isa = PBXGroup;
			children = (
				EC4623251D0724170095F6E5 /* StyleShaker */,
				EC4623241D0724170095F6E5 /* Products */,
			);
			sourceTree = "<group>";
		};
		EC4623241D0724170095F6E5 /* Products */ = {
			isa = PBXGroup;
			children = (
				EC4623231D0724170095F6E5 /* StyleShaker.app */,
			);
			name = Products;
			sourceTree = "<group>";
		};
		EC4623251D0724170095F6E5 /* StyleShaker */ = {
			isa = PBXGroup;
			children = (
				EC4623261D0724170095F6E5 /* AppDelegate.swift */,
				A777D4BE1D22C9DE004F5C3C /* Model */,
				EC33B6921D1565F900874706 /* UserPreference.swift */,
				EC4623281D0724170095F6E5 /* ViewController.swift */,
				A7B6FC411D1EAA18003E48BC /* MoodTableViewCell.swift */,
				EC46232A1D0724170095F6E5 /* Main.storyboard */,
				A7B6FC451D1EBFFE003E48BC /* StyleCollectionViewController.swift */,
				EC46232D1D0724170095F6E5 /* Assets.xcassets */,
				EC46232F1D0724170095F6E5 /* LaunchScreen.storyboard */,
				EC4623321D0724170095F6E5 /* Info.plist */,
				A7A76DF41D072DB6008048E6 /* MoodTableViewController.swift */,
				EC4623381D072D970095F6E5 /* MeTableViewController.swift */,
				EC8D47831D0738A900696965 /* GoogleShoppingTableViewController.swift */,
				EC8087BD1D080A7700E6B2DB /* MeTableViewCell.swift */,
				A7B6FC471D1EC11B003E48BC /* ParseUtil.swift */,
				EC6E5C4D1D36568B00B82C8F /* StyleCollectionViewCell.swift */,
				A7B6FC431D1EB749003E48BC /* DataPersistence.swift */,
				A777D4C51D22CB13004F5C3C /* ProductsViewController.swift */,
				ECED38E31D36A8F20076B75A /* Product.swift */,
			);
			path = StyleShaker;
			sourceTree = "<group>";
		};
/* End PBXGroup section */

/* Begin PBXNativeTarget section */
		EC4623221D0724170095F6E5 /* StyleShaker */ = {
			isa = PBXNativeTarget;
			buildConfigurationList = EC4623351D0724170095F6E5 /* Build configuration list for PBXNativeTarget "StyleShaker" */;
			buildPhases = (
				EC46231F1D0724170095F6E5 /* Sources */,
				EC4623201D0724170095F6E5 /* Frameworks */,
				EC4623211D0724170095F6E5 /* Resources */,
			);
			buildRules = (
			);
			dependencies = (
			);
			name = StyleShaker;
			productName = StyleShaker;
			productReference = EC4623231D0724170095F6E5 /* StyleShaker.app */;
			productType = "com.apple.product-type.application";
		};
/* End PBXNativeTarget section */

/* Begin PBXProject section */
		EC46231B1D0724170095F6E5 /* Project object */ = {
			isa = PBXProject;
			attributes = {
				LastSwiftUpdateCheck = 0710;
				LastUpgradeCheck = 0710;
				ORGANIZATIONNAME = ESGI;
				TargetAttributes = {
					EC4623221D0724170095F6E5 = {
						CreatedOnToolsVersion = 7.1.1;
					};
				};
			};
			buildConfigurationList = EC46231E1D0724170095F6E5 /* Build configuration list for PBXProject "StyleShaker" */;
			compatibilityVersion = "Xcode 3.2";
			developmentRegion = English;
			hasScannedForEncodings = 0;
			knownRegions = (
				en,
				Base,
			);
			mainGroup = EC46231A1D0724170095F6E5;
			productRefGroup = EC4623241D0724170095F6E5 /* Products */;
			projectDirPath = "";
			projectRoot = "";
			targets = (
				EC4623221D0724170095F6E5 /* StyleShaker */,
			);
		};
/* End PBXProject section */

/* Begin PBXResourcesBuildPhase section */
		EC4623211D0724170095F6E5 /* Resources */ = {
			isa = PBXResourcesBuildPhase;
			buildActionMask = 2147483647;
			files = (
				EC4623311D0724170095F6E5 /* LaunchScreen.storyboard in Resources */,
				EC46232E1D0724170095F6E5 /* Assets.xcassets in Resources */,
				EC46232C1D0724170095F6E5 /* Main.storyboard in Resources */,
			);
			runOnlyForDeploymentPostprocessing = 0;
		};
/* End PBXResourcesBuildPhase section */

/* Begin PBXSourcesBuildPhase section */
		EC46231F1D0724170095F6E5 /* Sources */ = {
			isa = PBXSourcesBuildPhase;
			buildActionMask = 2147483647;
			files = (
				EC6E5C4E1D36568B00B82C8F /* StyleCollectionViewCell.swift in Sources */,
				EC4623291D0724170095F6E5 /* ViewController.swift in Sources */,
				EC8087BE1D080A7700E6B2DB /* MeTableViewCell.swift in Sources */,
				A777D4C61D22CB13004F5C3C /* ProductsViewController.swift in Sources */,
				A7B6FC481D1EC11B003E48BC /* ParseUtil.swift in Sources */,
				A7B6FC441D1EB749003E48BC /* DataPersistence.swift in Sources */,
				A7B6FC421D1EAA18003E48BC /* MoodTableViewCell.swift in Sources */,
				EC8D47841D0738A900696965 /* GoogleShoppingTableViewController.swift in Sources */,
				EC4623271D0724170095F6E5 /* AppDelegate.swift in Sources */,
				EC33B6931D1565F900874706 /* UserPreference.swift in Sources */,
				A7A76DF51D072DB6008048E6 /* MoodTableViewController.swift in Sources */,
				EC4623391D072D970095F6E5 /* MeTableViewController.swift in Sources */,
				A7B6FC461D1EBFFE003E48BC /* StyleCollectionViewController.swift in Sources */,
				ECED38E41D36A8F20076B75A /* Product.swift in Sources */,
			);
			runOnlyForDeploymentPostprocessing = 0;
		};
/* End PBXSourcesBuildPhase section */

/* Begin PBXVariantGroup section */
		EC46232A1D0724170095F6E5 /* Main.storyboard */ = {
			isa = PBXVariantGroup;
			children = (
				EC46232B1D0724170095F6E5 /* Base */,
			);
			name = Main.storyboard;
			sourceTree = "<group>";
		};
		EC46232F1D0724170095F6E5 /* LaunchScreen.storyboard */ = {
			isa = PBXVariantGroup;
			children = (
				EC4623301D0724170095F6E5 /* Base */,
			);
			name = LaunchScreen.storyboard;
			sourceTree = "<group>";
		};
/* End PBXVariantGroup section */

/* Begin XCBuildConfiguration section */
		EC4623331D0724170095F6E5 /* Debug */ = {
			isa = XCBuildConfiguration;
			buildSettings = {
				ALWAYS_SEARCH_USER_PATHS = NO;
				CLANG_CXX_LANGUAGE_STANDARD = "gnu++0x";
				CLANG_CXX_LIBRARY = "libc++";
				CLANG_ENABLE_MODULES = YES;
				CLANG_ENABLE_OBJC_ARC = YES;
				CLANG_WARN_BOOL_CONVERSION = YES;
				CLANG_WARN_CONSTANT_CONVERSION = YES;
				CLANG_WARN_DIRECT_OBJC_ISA_USAGE = YES_ERROR;
				CLANG_WARN_EMPTY_BODY = YES;
				CLANG_WARN_ENUM_CONVERSION = YES;
				CLANG_WARN_INT_CONVERSION = YES;
				CLANG_WARN_OBJC_ROOT_CLASS = YES_ERROR;
				CLANG_WARN_UNREACHABLE_CODE = YES;
				CLANG_WARN__DUPLICATE_METHOD_MATCH = YES;
				"CODE_SIGN_IDENTITY[sdk=iphoneos*]" = "iPhone Developer";
				COPY_PHASE_STRIP = NO;
				DEBUG_INFORMATION_FORMAT = dwarf;
				ENABLE_STRICT_OBJC_MSGSEND = YES;
				ENABLE_TESTABILITY = YES;
				GCC_C_LANGUAGE_STANDARD = gnu99;
				GCC_DYNAMIC_NO_PIC = NO;
				GCC_NO_COMMON_BLOCKS = YES;
				GCC_OPTIMIZATION_LEVEL = 0;
				GCC_PREPROCESSOR_DEFINITIONS = (
					"DEBUG=1",
					"$(inherited)",
				);
				GCC_WARN_64_TO_32_BIT_CONVERSION = YES;
				GCC_WARN_ABOUT_RETURN_TYPE = YES_ERROR;
				GCC_WARN_UNDECLARED_SELECTOR = YES;
				GCC_WARN_UNINITIALIZED_AUTOS = YES_AGGRESSIVE;
				GCC_WARN_UNUSED_FUNCTION = YES;
				GCC_WARN_UNUSED_VARIABLE = YES;
				IPHONEOS_DEPLOYMENT_TARGET = 9.1;
				MTL_ENABLE_DEBUG_INFO = YES;
				ONLY_ACTIVE_ARCH = YES;
				SDKROOT = iphoneos;
				SWIFT_OPTIMIZATION_LEVEL = "-Onone";
			};
			name = Debug;
		};
		EC4623341D0724170095F6E5 /* Release */ = {
			isa = XCBuildConfiguration;
			buildSettings = {
				ALWAYS_SEARCH_USER_PATHS = NO;
				CLANG_CXX_LANGUAGE_STANDARD = "gnu++0x";
				CLANG_CXX_LIBRARY = "libc++";
				CLANG_ENABLE_MODULES = YES;
				CLANG_ENABLE_OBJC_ARC = YES;
				CLANG_WARN_BOOL_CONVERSION = YES;
				CLANG_WARN_CONSTANT_CONVERSION = YES;
				CLANG_WARN_DIRECT_OBJC_ISA_USAGE = YES_ERROR;
				CLANG_WARN_EMPTY_BODY = YES;
				CLANG_WARN_ENUM_CONVERSION = YES;
				CLANG_WARN_INT_CONVERSION = YES;
				CLANG_WARN_OBJC_ROOT_CLASS = YES_ERROR;
				CLANG_WARN_UNREACHABLE_CODE = YES;
				CLANG_WARN__DUPLICATE_METHOD_MATCH = YES;
				"CODE_SIGN_IDENTITY[sdk=iphoneos*]" = "iPhone Developer";
				COPY_PHASE_STRIP = NO;
				DEBUG_INFORMATION_FORMAT = "dwarf-with-dsym";
				ENABLE_NS_ASSERTIONS = NO;
				ENABLE_STRICT_OBJC_MSGSEND = YES;
				GCC_C_LANGUAGE_STANDARD = gnu99;
				GCC_NO_COMMON_BLOCKS = YES;
				GCC_WARN_64_TO_32_BIT_CONVERSION = YES;
				GCC_WARN_ABOUT_RETURN_TYPE = YES_ERROR;
				GCC_WARN_UNDECLARED_SELECTOR = YES;
				GCC_WARN_UNINITIALIZED_AUTOS = YES_AGGRESSIVE;
				GCC_WARN_UNUSED_FUNCTION = YES;
				GCC_WARN_UNUSED_VARIABLE = YES;
				IPHONEOS_DEPLOYMENT_TARGET = 9.1;
				MTL_ENABLE_DEBUG_INFO = NO;
				SDKROOT = iphoneos;
				VALIDATE_PRODUCT = YES;
			};
			name = Release;
		};
		EC4623361D0724170095F6E5 /* Debug */ = {
			isa = XCBuildConfiguration;
			buildSettings = {
				ASSETCATALOG_COMPILER_APPICON_NAME = AppIcon;
				INFOPLIST_FILE = StyleShaker/Info.plist;
				IPHONEOS_DEPLOYMENT_TARGET = 9.1;
				LD_RUNPATH_SEARCH_PATHS = "$(inherited) @executable_path/Frameworks";
				PRODUCT_BUNDLE_IDENTIFIER = com.esgi.StyleShaker;
				PRODUCT_NAME = "$(TARGET_NAME)";
			};
			name = Debug;
		};
		EC4623371D0724170095F6E5 /* Release */ = {
			isa = XCBuildConfiguration;
			buildSettings = {
				ASSETCATALOG_COMPILER_APPICON_NAME = AppIcon;
				INFOPLIST_FILE = StyleShaker/Info.plist;
				IPHONEOS_DEPLOYMENT_TARGET = 9.1;
				LD_RUNPATH_SEARCH_PATHS = "$(inherited) @executable_path/Frameworks";
				PRODUCT_BUNDLE_IDENTIFIER = com.esgi.StyleShaker;
				PRODUCT_NAME = "$(TARGET_NAME)";
			};
			name = Release;
		};
/* End XCBuildConfiguration section */

/* Begin XCConfigurationList section */
		EC46231E1D0724170095F6E5 /* Build configuration list for PBXProject "StyleShaker" */ = {
			isa = XCConfigurationList;
			buildConfigurations = (
				EC4623331D0724170095F6E5 /* Debug */,
				EC4623341D0724170095F6E5 /* Release */,
			);
			defaultConfigurationIsVisible = 0;
			defaultConfigurationName = Release;
		};
		EC4623351D0724170095F6E5 /* Build configuration list for PBXNativeTarget "StyleShaker" */ = {
			isa = XCConfigurationList;
			buildConfigurations = (
				EC4623361D0724170095F6E5 /* Debug */,
				EC4623371D0724170095F6E5 /* Release */,
			);
			defaultConfigurationIsVisible = 0;
			defaultConfigurationName = Release;
		};
/* End XCConfigurationList section */
	};
	rootObject = EC46231B1D0724170095F6E5 /* Project object */;
}
